
Microsoft Visual Studio Solution File, Format Version 12.00
# Visual Studio Version 17
VisualStudioVersion = 17.2.32526.322
MinimumVisualStudioVersion = 10.0.40219.1
Project("{FAE04EC0-301F-11D3-BF4B-00C04F79EFBC}") = "Enrolment", "Enrolment.csproj", "{95F8B193-21EB-4FC8-967E-46B4E0E451B4}"
EndProject
Global
	GlobalSection(SolutionConfigurationPlatforms) = preSolution
		Debug|Any CPU = Debug|Any CPU
		Release|Any CPU = Release|Any CPU
	EndGlobalSection
	GlobalSection(ProjectConfigurationPlatforms) = postSolution
		{95F8B193-21EB-4FC8-967E-46B4E0E451B4}.Debug|Any CPU.ActiveCfg = Debug|Any CPU
		{95F8B193-21EB-4FC8-967E-46B4E0E451B4}.Debug|Any CPU.Build.0 = Debug|Any CPU
		{95F8B193-21EB-4FC8-967E-46B4E0E451B4}.Release|Any CPU.ActiveCfg = Release|Any CPU
		{95F8B193-21EB-4FC8-967E-46B4E0E451B4}.Release|Any CPU.Build.0 = Release|Any CPU
	EndGlobalSection
	GlobalSection(SolutionProperties) = preSolution
		HideSolutionNode = FALSE
	EndGlobalSection
	GlobalSection(ExtensibilityGlobals) = postSolution
		SolutionGuid = {BE4214EB-3BAF-4230-B9CD-9636B03B79B3}
	EndGlobalSection
EndGlobal
